// !$*UTF8*$!
{
	archiveVersion = 1;
	classes = {
	};
	objectVersion = 56;
	objects = {

/* Begin PBXBuildFile section */
		A10001 /* ChoragusApp.swift in Sources */ = {isa = PBXBuildFile; fileRef = B10001; };
		A10002 /* ContentView.swift in Sources */ = {isa = PBXBuildFile; fileRef = B10002; };
		A10003 /* RoomListView.swift in Sources */ = {isa = PBXBuildFile; fileRef = B10003; };
		A10004 /* NowPlayingView.swift in Sources */ = {isa = PBXBuildFile; fileRef = B10004; };
		A10005 /* Assets.xcassets in Resources */ = {isa = PBXBuildFile; fileRef = B10005; };
		A10010 /* SonosKit in Frameworks */ = {isa = PBXBuildFile; productRef = D10010; };
		A10011 /* QueueView.swift in Sources */ = {isa = PBXBuildFile; fileRef = B10011; };
		A10012 /* GroupEditorView.swift in Sources */ = {isa = PBXBuildFile; fileRef = B10012; };
		A10013 /* EQView.swift in Sources */ = {isa = PBXBuildFile; fileRef = B10013; };
		A10014 /* VolumeControlView.swift in Sources */ = {isa = PBXBuildFile; fileRef = B10014; };
		A10015 /* AlarmsView.swift in Sources */ = {isa = PBXBuildFile; fileRef = B10015; };
		A10016 /* SleepTimerView.swift in Sources */ = {isa = PBXBuildFile; fileRef = B10016; };
		A10017 /* BrowseView.swift in Sources */ = {isa = PBXBuildFile; fileRef = B10017; };
		A10018 /* SettingsView.swift in Sources */ = {isa = PBXBuildFile; fileRef = B10018; };
		A10019 /* CachedAsyncImage.swift in Sources */ = {isa = PBXBuildFile; fileRef = B10019; };
		A10021 /* AccentColorHelper.swift in Sources */ = {isa = PBXBuildFile; fileRef = B10021; };
		A10022 /* ColorSwatchGrid.swift in Sources */ = {isa = PBXBuildFile; fileRef = B10022; };
		A10023 /* PresetManagerView.swift in Sources */ = {isa = PBXBuildFile; fileRef = B10023; };
		A10024 /* PlayHistoryView.swift in Sources */ = {isa = PBXBuildFile; fileRef = B10024; };
		A10025 /* MarqueeText.swift in Sources */ = {isa = PBXBuildFile; fileRef = B10025; };
		A10026 /* HomeTheaterEQView.swift in Sources */ = {isa = PBXBuildFile; fileRef = B10026; };
		A10027 /* WindowManager.swift in Sources */ = {isa = PBXBuildFile; fileRef = B10027; };
		A10028 /* HoverTooltip.swift in Sources */ = {isa = PBXBuildFile; fileRef = B10028; };
		A10029 /* RecentlyPlayedView.swift in Sources */ = {isa = PBXBuildFile; fileRef = B10029; };
		A10030 /* MenuBarController.swift in Sources */ = {isa = PBXBuildFile; fileRef = B10030; };
		A10031 /* MusicServicesView.swift in Sources */ = {isa = PBXBuildFile; fileRef = B10031; };
		A10060 /* PlexDirectBrowseView.swift in Sources */ = {isa = PBXBuildFile; fileRef = B10060; };
		A10061 /* LineInBrowseView.swift in Sources */ = {isa = PBXBuildFile; fileRef = B10061; };
		A10062 /* NowPlayingContextPanel.swift in Sources */ = {isa = PBXBuildFile; fileRef = B10062; };
		A10032 /* NowPlayingViewModel.swift in Sources */ = {isa = PBXBuildFile; fileRef = B10032; };
		A10033 /* QueueViewModel.swift in Sources */ = {isa = PBXBuildFile; fileRef = B10033; };
		A10800 /* NowPlayingContextPanelViewModel.swift in Sources */ = {isa = PBXBuildFile; fileRef = B10800; };
		A10034 /* SliderPopup.swift in Sources */ = {isa = PBXBuildFile; fileRef = B10034; };
		A10035 /* BrowseViewModel.swift in Sources */ = {isa = PBXBuildFile; fileRef = B10035; };
		A10036 /* PlayHistoryDashboard.swift in Sources */ = {isa = PBXBuildFile; fileRef = B10036; };
		A10037 /* AlarmsViewModel.swift in Sources */ = {isa = PBXBuildFile; fileRef = B10037; };
		A10038 /* ArtResolver.swift in Sources */ = {isa = PBXBuildFile; fileRef = B10038; };
		A10039 /* BrowseItemArtLoader.swift in Sources */ = {isa = PBXBuildFile; fileRef = B10039; };
		A10040 /* PlayHistoryView2.swift in Sources */ = {isa = PBXBuildFile; fileRef = B10040; };
		A10041 /* ArtworkSearchView.swift in Sources */ = {isa = PBXBuildFile; fileRef = B10041; };
		A10042 /* SonosRadioSearchView.swift in Sources */ = {isa = PBXBuildFile; fileRef = B10042; };
		A10043 /* HelpView.swift in Sources */ = {isa = PBXBuildFile; fileRef = B10043; };
		A10044 /* UpdateChecker.swift in Sources */ = {isa = PBXBuildFile; fileRef = B10044; };
		A10045 /* FirstRunWelcomeView.swift in Sources */ = {isa = PBXBuildFile; fileRef = B10045; };
		A10046 /* ScrollWheelCapture.swift in Sources */ = {isa = PBXBuildFile; fileRef = B10046; };
		A10047 /* SettingsScrobblingTab.swift in Sources */ = {isa = PBXBuildFile; fileRef = B10047; };
/* End PBXBuildFile section */

/* Begin PBXFileReference section */
		B10001 /* ChoragusApp.swift */ = {isa = PBXFileReference; lastKnownFileType = sourcecode.swift; path = ChoragusApp.swift; sourceTree = "<group>"; };
		B10002 /* ContentView.swift */ = {isa = PBXFileReference; lastKnownFileType = sourcecode.swift; path = ContentView.swift; sourceTree = "<group>"; };
		B10003 /* RoomListView.swift */ = {isa = PBXFileReference; lastKnownFileType = sourcecode.swift; path = RoomListView.swift; sourceTree = "<group>"; };
		B10004 /* NowPlayingView.swift */ = {isa = PBXFileReference; lastKnownFileType = sourcecode.swift; path = NowPlayingView.swift; sourceTree = "<group>"; };
		B10005 /* Assets.xcassets */ = {isa = PBXFileReference; lastKnownFileType = folder.assetcatalog; path = Assets.xcassets; sourceTree = "<group>"; };
		B10006 /* Info.plist */ = {isa = PBXFileReference; lastKnownFileType = text.plist.xml; path = Info.plist; sourceTree = "<group>"; };
		B10007 /* Choragus.entitlements */ = {isa = PBXFileReference; lastKnownFileType = text.plist.entitlements; path = Choragus.entitlements; sourceTree = "<group>"; };
		B10008 /* SonosKit */ = {isa = PBXFileReference; lastKnownFileType = wrapper; name = SonosKit; path = Packages/SonosKit; sourceTree = "<group>"; };
		B10011 /* QueueView.swift */ = {isa = PBXFileReference; lastKnownFileType = sourcecode.swift; path = QueueView.swift; sourceTree = "<group>"; };
		B10012 /* GroupEditorView.swift */ = {isa = PBXFileReference; lastKnownFileType = sourcecode.swift; path = GroupEditorView.swift; sourceTree = "<group>"; };
		B10013 /* EQView.swift */ = {isa = PBXFileReference; lastKnownFileType = sourcecode.swift; path = EQView.swift; sourceTree = "<group>"; };
		B10014 /* VolumeControlView.swift */ = {isa = PBXFileReference; lastKnownFileType = sourcecode.swift; path = VolumeControlView.swift; sourceTree = "<group>"; };
		B10015 /* AlarmsView.swift */ = {isa = PBXFileReference; lastKnownFileType = sourcecode.swift; path = AlarmsView.swift; sourceTree = "<group>"; };
		B10016 /* SleepTimerView.swift */ = {isa = PBXFileReference; lastKnownFileType = sourcecode.swift; path = SleepTimerView.swift; sourceTree = "<group>"; };
		B10017 /* BrowseView.swift */ = {isa = PBXFileReference; lastKnownFileType = sourcecode.swift; path = BrowseView.swift; sourceTree = "<group>"; };
		B10018 /* SettingsView.swift */ = {isa = PBXFileReference; lastKnownFileType = sourcecode.swift; path = SettingsView.swift; sourceTree = "<group>"; };
		B10019 /* CachedAsyncImage.swift */ = {isa = PBXFileReference; lastKnownFileType = sourcecode.swift; path = CachedAsyncImage.swift; sourceTree = "<group>"; };
		B10021 /* AccentColorHelper.swift */ = {isa = PBXFileReference; lastKnownFileType = sourcecode.swift; path = AccentColorHelper.swift; sourceTree = "<group>"; };
		B10022 /* ColorSwatchGrid.swift */ = {isa = PBXFileReference; lastKnownFileType = sourcecode.swift; path = ColorSwatchGrid.swift; sourceTree = "<group>"; };
		B10023 /* PresetManagerView.swift */ = {isa = PBXFileReference; lastKnownFileType = sourcecode.swift; path = PresetManagerView.swift; sourceTree = "<group>"; };
		B10024 /* PlayHistoryView.swift */ = {isa = PBXFileReference; lastKnownFileType = sourcecode.swift; path = PlayHistoryView.swift; sourceTree = "<group>"; };
		B10025 /* MarqueeText.swift */ = {isa = PBXFileReference; lastKnownFileType = sourcecode.swift; path = MarqueeText.swift; sourceTree = "<group>"; };
		B10026 /* HomeTheaterEQView.swift */ = {isa = PBXFileReference; lastKnownFileType = sourcecode.swift; path = HomeTheaterEQView.swift; sourceTree = "<group>"; };
		B10027 /* WindowManager.swift */ = {isa = PBXFileReference; lastKnownFileType = sourcecode.swift; path = WindowManager.swift; sourceTree = "<group>"; };
		B10028 /* HoverTooltip.swift */ = {isa = PBXFileReference; lastKnownFileType = sourcecode.swift; path = HoverTooltip.swift; sourceTree = "<group>"; };
		B10029 /* RecentlyPlayedView.swift */ = {isa = PBXFileReference; lastKnownFileType = sourcecode.swift; path = RecentlyPlayedView.swift; sourceTree = "<group>"; };
		B10030 /* MenuBarController.swift */ = {isa = PBXFileReference; lastKnownFileType = sourcecode.swift; path = MenuBarController.swift; sourceTree = "<group>"; };
		B10031 /* MusicServicesView.swift */ = {isa = PBXFileReference; lastKnownFileType = sourcecode.swift; path = MusicServicesView.swift; sourceTree = "<group>"; };
		B10060 /* PlexDirectBrowseView.swift */ = {isa = PBXFileReference; lastKnownFileType = sourcecode.swift; path = PlexDirectBrowseView.swift; sourceTree = "<group>"; };
		B10061 /* LineInBrowseView.swift */ = {isa = PBXFileReference; lastKnownFileType = sourcecode.swift; path = LineInBrowseView.swift; sourceTree = "<group>"; };
		B10062 /* NowPlayingContextPanel.swift */ = {isa = PBXFileReference; lastKnownFileType = sourcecode.swift; path = NowPlayingContextPanel.swift; sourceTree = "<group>"; };
		B10034 /* SliderPopup.swift */ = {isa = PBXFileReference; lastKnownFileType = sourcecode.swift; path = SliderPopup.swift; sourceTree = "<group>"; };
		B10035 /* BrowseViewModel.swift */ = {isa = PBXFileReference; lastKnownFileType = sourcecode.swift; path = BrowseViewModel.swift; sourceTree = "<group>"; };
		B10032 /* NowPlayingViewModel.swift */ = {isa = PBXFileReference; lastKnownFileType = sourcecode.swift; path = NowPlayingViewModel.swift; sourceTree = "<group>"; };
		B10033 /* QueueViewModel.swift */ = {isa = PBXFileReference; lastKnownFileType = sourcecode.swift; path = QueueViewModel.swift; sourceTree = "<group>"; };
		B10800 /* NowPlayingContextPanelViewModel.swift */ = {isa = PBXFileReference; lastKnownFileType = sourcecode.swift; path = NowPlayingContextPanelViewModel.swift; sourceTree = "<group>"; };
		B10036 /* PlayHistoryDashboard.swift */ = {isa = PBXFileReference; lastKnownFileType = sourcecode.swift; path = PlayHistoryDashboard.swift; sourceTree = "<group>"; };
		B10037 /* AlarmsViewModel.swift */ = {isa = PBXFileReference; lastKnownFileType = sourcecode.swift; path = AlarmsViewModel.swift; sourceTree = "<group>"; };
		B10038 /* ArtResolver.swift */ = {isa = PBXFileReference; lastKnownFileType = sourcecode.swift; path = ArtResolver.swift; sourceTree = "<group>"; };
		B10039 /* BrowseItemArtLoader.swift */ = {isa = PBXFileReference; lastKnownFileType = sourcecode.swift; path = BrowseItemArtLoader.swift; sourceTree = "<group>"; };
		B10040 /* PlayHistoryView2.swift */ = {isa = PBXFileReference; lastKnownFileType = sourcecode.swift; path = PlayHistoryView2.swift; sourceTree = "<group>"; };
		B10041 /* ArtworkSearchView.swift */ = {isa = PBXFileReference; lastKnownFileType = sourcecode.swift; path = ArtworkSearchView.swift; sourceTree = "<group>"; };
		B10042 /* SonosRadioSearchView.swift */ = {isa = PBXFileReference; lastKnownFileType = sourcecode.swift; path = SonosRadioSearchView.swift; sourceTree = "<group>"; };
		B10043 /* HelpView.swift */ = {isa = PBXFileReference; lastKnownFileType = sourcecode.swift; path = HelpView.swift; sourceTree = "<group>"; };
		B10044 /* UpdateChecker.swift */ = {isa = PBXFileReference; lastKnownFileType = sourcecode.swift; path = UpdateChecker.swift; sourceTree = "<group>"; };
		B10045 /* FirstRunWelcomeView.swift */ = {isa = PBXFileReference; lastKnownFileType = sourcecode.swift; path = FirstRunWelcomeView.swift; sourceTree = "<group>"; };
		B10046 /* ScrollWheelCapture.swift */ = {isa = PBXFileReference; lastKnownFileType = sourcecode.swift; path = ScrollWheelCapture.swift; sourceTree = "<group>"; };
		B10047 /* SettingsScrobblingTab.swift */ = {isa = PBXFileReference; lastKnownFileType = sourcecode.swift; path = SettingsScrobblingTab.swift; sourceTree = "<group>"; };
		B10020 /* Choragus.app */ = {isa = PBXFileReference; explicitFileType = wrapper.application; includeInIndex = 0; path = Choragus.app; sourceTree = BUILT_PRODUCTS_DIR; };
/* End PBXFileReference section */

/* Begin PBXFrameworksBuildPhase section */
		C10001 /* Frameworks */ = {
			isa = PBXFrameworksBuildPhase;
			buildActionMask = 2147483647;
			files = (
				A10010 /* SonosKit in Frameworks */,
			);
			runOnlyForDeploymentPostprocessing = 0;
		};
/* End PBXFrameworksBuildPhase section */

/* Begin PBXGroup section */
		E10000 = {
			isa = PBXGroup;
			children = (
				E10001 /* Choragus */,
				B10008 /* SonosKit */,
				E10099 /* Products */,
			);
			sourceTree = "<group>";
		};
		E10001 /* Choragus */ = {
			isa = PBXGroup;
			children = (
				B10001 /* ChoragusApp.swift */,
				E10002 /* Views */,
				E10003 /* ViewModels */,
				B10005 /* Assets.xcassets */,
				B10006 /* Info.plist */,
				B10007 /* Choragus.entitlements */,
			);
			path = Choragus;
			sourceTree = "<group>";
		};
		E10003 /* ViewModels */ = {
			isa = PBXGroup;
			children = (
				B10032 /* NowPlayingViewModel.swift */,
				B10033 /* QueueViewModel.swift */,
				B10800 /* NowPlayingContextPanelViewModel.swift */,
				B10035 /* BrowseViewModel.swift */,
				B10037 /* AlarmsViewModel.swift */,
				B10038 /* ArtResolver.swift */,
				B10039 /* BrowseItemArtLoader.swift */,
			);
			path = ViewModels;
			sourceTree = "<group>";
		};
		E10002 /* Views */ = {
			isa = PBXGroup;
			children = (
				B10002 /* ContentView.swift */,
				B10003 /* RoomListView.swift */,
				B10004 /* NowPlayingView.swift */,
				B10011 /* QueueView.swift */,
				B10012 /* GroupEditorView.swift */,
				B10013 /* EQView.swift */,
				B10014 /* VolumeControlView.swift */,
				B10015 /* AlarmsView.swift */,
				B10016 /* SleepTimerView.swift */,
				B10017 /* BrowseView.swift */,
				B10018 /* SettingsView.swift */,
				B10019 /* CachedAsyncImage.swift */,
				B10021 /* AccentColorHelper.swift */,
				B10022 /* ColorSwatchGrid.swift */,
				B10023 /* PresetManagerView.swift */,
				B10024 /* PlayHistoryView.swift */,
				B10040 /* PlayHistoryView2.swift */,
				B10025 /* MarqueeText.swift */,
				B10026 /* HomeTheaterEQView.swift */,
				B10027 /* WindowManager.swift */,
				B10028 /* HoverTooltip.swift */,
				B10029 /* RecentlyPlayedView.swift */,
				B10030 /* MenuBarController.swift */,
				B10031 /* MusicServicesView.swift */,
				B10060 /* PlexDirectBrowseView.swift */,
				B10061 /* LineInBrowseView.swift */,
				B10062 /* NowPlayingContextPanel.swift */,
				B10041 /* ArtworkSearchView.swift */,
				B10042 /* SonosRadioSearchView.swift */,
				B10034 /* SliderPopup.swift */,
				B10036 /* PlayHistoryDashboard.swift */,
				B10043 /* HelpView.swift */,
				B10044 /* UpdateChecker.swift */,
				B10045 /* FirstRunWelcomeView.swift */,
				B10046 /* ScrollWheelCapture.swift */,
				B10047 /* SettingsScrobblingTab.swift */,
			);
			path = Views;
			sourceTree = "<group>";
		};
		E10099 /* Products */ = {
			isa = PBXGroup;
			children = (
				B10020 /* Choragus.app */,
			);
			name = Products;
			sourceTree = "<group>";
		};
/* End PBXGroup section */

/* Begin PBXNativeTarget section */
		F10001 /* Choragus */ = {
			isa = PBXNativeTarget;
			buildConfigurationList = G10003;
			buildPhases = (
				C10002 /* Sources */,
				C10001 /* Frameworks */,
				C10003 /* Resources */,
			);
			buildRules = (
			);
			dependencies = (
			);
			name = Choragus;
			packageProductDependencies = (
				D10010 /* SonosKit */,
			);
			productName = Choragus;
			productReference = B10020 /* Choragus.app */;
			productType = "com.apple.product-type.application";
		};
/* End PBXNativeTarget section */

/* Begin PBXProject section */
		F10000 /* Project object */ = {
			isa = PBXProject;
			attributes = {
				BuildIndependentTargetsInParallel = 1;
				LastSwiftUpdateCheck = 1540;
				LastUpgradeCheck = 1540;
				TargetAttributes = {
					F10001 = {
						CreatedOnToolsVersion = 15.4;
					};
				};
			};
			buildConfigurationList = G10001;
			compatibilityVersion = "Xcode 14.0";
			developmentRegion = en;
			hasScannedForEncodings = 0;
			knownRegions = (
				en,
				Base,
			);
			mainGroup = E10000;
			packageReferences = (
				D10020 /* XCLocalSwiftPackageReference "Packages/SonosKit" */,
			);
			productRefGroup = E10099 /* Products */;
			projectDirPath = "";
			projectRoot = "";
			targets = (
				F10001 /* Choragus */,
			);
		};
/* End PBXProject section */

/* Begin PBXResourcesBuildPhase section */
		C10003 /* Resources */ = {
			isa = PBXResourcesBuildPhase;
			buildActionMask = 2147483647;
			files = (
				A10005 /* Assets.xcassets in Resources */,
			);
			runOnlyForDeploymentPostprocessing = 0;
		};
/* End PBXResourcesBuildPhase section */

/* Begin PBXSourcesBuildPhase section */
		C10002 /* Sources */ = {
			isa = PBXSourcesBuildPhase;
			buildActionMask = 2147483647;
			files = (
				A10001 /* ChoragusApp.swift in Sources */,
				A10002 /* ContentView.swift in Sources */,
				A10003 /* RoomListView.swift in Sources */,
				A10004 /* NowPlayingView.swift in Sources */,
				A10011 /* QueueView.swift in Sources */,
				A10012 /* GroupEditorView.swift in Sources */,
				A10013 /* EQView.swift in Sources */,
				A10014 /* VolumeControlView.swift in Sources */,
				A10015 /* AlarmsView.swift in Sources */,
				A10016 /* SleepTimerView.swift in Sources */,
				A10017 /* BrowseView.swift in Sources */,
				A10018 /* SettingsView.swift in Sources */,
				A10019 /* CachedAsyncImage.swift in Sources */,
				A10021 /* AccentColorHelper.swift in Sources */,
				A10022 /* ColorSwatchGrid.swift in Sources */,
				A10023 /* PresetManagerView.swift in Sources */,
				A10024 /* PlayHistoryView.swift in Sources */,
				A10040 /* PlayHistoryView2.swift in Sources */,
				A10025 /* MarqueeText.swift in Sources */,
				A10026 /* HomeTheaterEQView.swift in Sources */,
				A10027 /* WindowManager.swift in Sources */,
				A10028 /* HoverTooltip.swift in Sources */,
				A10029 /* RecentlyPlayedView.swift in Sources */,
				A10030 /* MenuBarController.swift in Sources */,
				A10031 /* MusicServicesView.swift in Sources */,
				A10060 /* PlexDirectBrowseView.swift in Sources */,
				A10061 /* LineInBrowseView.swift in Sources */,
				A10062 /* NowPlayingContextPanel.swift in Sources */,
				A10041 /* ArtworkSearchView.swift in Sources */,
				A10042 /* SonosRadioSearchView.swift in Sources */,
				A10032 /* NowPlayingViewModel.swift in Sources */,
				A10033 /* QueueViewModel.swift in Sources */,
				A10800 /* NowPlayingContextPanelViewModel.swift in Sources */,
				A10034 /* SliderPopup.swift in Sources */,
				A10035 /* BrowseViewModel.swift in Sources */,
				A10036 /* PlayHistoryDashboard.swift in Sources */,
				A10037 /* AlarmsViewModel.swift in Sources */,
				A10038 /* ArtResolver.swift in Sources */,
				A10039 /* BrowseItemArtLoader.swift in Sources */,
				A10043 /* HelpView.swift in Sources */,
				A10044 /* UpdateChecker.swift in Sources */,
				A10045 /* FirstRunWelcomeView.swift in Sources */,
				A10046 /* ScrollWheelCapture.swift in Sources */,
				A10047 /* SettingsScrobblingTab.swift in Sources */,
			);
			runOnlyForDeploymentPostprocessing = 0;
		};
/* End PBXSourcesBuildPhase section */

/* Begin XCBuildConfiguration section */
		G10010 /* Debug */ = {
			isa = XCBuildConfiguration;
			buildSettings = {
				ALWAYS_SEARCH_USER_PATHS = NO;
				ASSETCATALOG_COMPILER_GENERATE_SWIFT_ASSET_SYMBOL_EXTENSIONS = YES;
				CLANG_ANALYZER_NONNULL = YES;
				CLANG_CXX_LANGUAGE_STANDARD = "gnu++20";
				CLANG_ENABLE_MODULES = YES;
				CLANG_ENABLE_OBJC_ARC = YES;
				COPY_PHASE_STRIP = NO;
				DEBUG_INFORMATION_FORMAT = dwarf;
				ENABLE_STRICT_OBJC_MSGSEND = YES;
				ENABLE_TESTABILITY = YES;
				GCC_DYNAMIC_NO_PIC = NO;
				GCC_OPTIMIZATION_LEVEL = 0;
				GCC_PREPROCESSOR_DEFINITIONS = (
					"DEBUG=1",
					"$(inherited)",
				);
				GCC_WARN_ABOUT_RETURN_TYPE = YES_ERROR;
				GCC_WARN_UNINITIALIZED_AUTOS = YES_AGGRESSIVE;
				MACOSX_DEPLOYMENT_TARGET = 14.0;
				MTL_ENABLE_DEBUG_INFO = INCLUDE_SOURCE;
				ONLY_ACTIVE_ARCH = YES;
				SDKROOT = macosx;
				SWIFT_ACTIVE_COMPILATION_CONDITIONS = "$(inherited) DEBUG";
				SWIFT_OPTIMIZATION_LEVEL = "-Onone";
			};
			name = Debug;
		};
		G10011 /* Release */ = {
			isa = XCBuildConfiguration;
			buildSettings = {
				ALWAYS_SEARCH_USER_PATHS = NO;
				ASSETCATALOG_COMPILER_GENERATE_SWIFT_ASSET_SYMBOL_EXTENSIONS = YES;
				CLANG_ANALYZER_NONNULL = YES;
				CLANG_CXX_LANGUAGE_STANDARD = "gnu++20";
				CLANG_ENABLE_MODULES = YES;
				CLANG_ENABLE_OBJC_ARC = YES;
				COPY_PHASE_STRIP = NO;
				DEBUG_INFORMATION_FORMAT = "dwarf-with-dsym";
				ENABLE_NS_ASSERTIONS = NO;
				ENABLE_STRICT_OBJC_MSGSEND = YES;
				GCC_WARN_ABOUT_RETURN_TYPE = YES_ERROR;
				GCC_WARN_UNINITIALIZED_AUTOS = YES_AGGRESSIVE;
				MACOSX_DEPLOYMENT_TARGET = 14.0;
				SDKROOT = macosx;
				SWIFT_COMPILATION_MODE = wholemodule;
			};
			name = Release;
		};
		G10020 /* Debug */ = {
			isa = XCBuildConfiguration;
			buildSettings = {
				ASSETCATALOG_COMPILER_APPICON_NAME = AppIcon;
				ASSETCATALOG_COMPILER_GLOBAL_ACCENT_COLOR_NAME = AccentColor;
				CODE_SIGN_ENTITLEMENTS = Choragus/Choragus.entitlements;
				CODE_SIGN_STYLE = Automatic;
				COMBINE_HIDPI_IMAGES = YES;
				CURRENT_PROJECT_VERSION = 10;
				DEVELOPMENT_TEAM = "";
				ENABLE_HARDENED_RUNTIME = YES;
				GENERATE_INFOPLIST_FILE = YES;
				INFOPLIST_FILE = Choragus/Info.plist;
				INFOPLIST_KEY_LSApplicationCategoryType = "public.app-category.music";
				INFOPLIST_KEY_CFBundleDisplayName = Choragus;
				INFOPLIST_KEY_NSHumanReadableCopyright = "Copyright © 2026. All rights reserved.";
				LD_RUNPATH_SEARCH_PATHS = (
					"$(inherited)",
					"@executable_path/../Frameworks",
				);
				MARKETING_VERSION = 4.0;
				PRODUCT_BUNDLE_IDENTIFIER = com.choragus.app;
				PRODUCT_NAME = Choragus;
				SWIFT_EMIT_LOC_STRINGS = YES;
				SWIFT_VERSION = 5.0;
			};
			name = Debug;
		};
		G10021 /* Release */ = {
			isa = XCBuildConfiguration;
			buildSettings = {
				ASSETCATALOG_COMPILER_APPICON_NAME = AppIcon;
				ASSETCATALOG_COMPILER_GLOBAL_ACCENT_COLOR_NAME = AccentColor;
				CODE_SIGN_ENTITLEMENTS = Choragus/Choragus.entitlements;
				CODE_SIGN_STYLE = Automatic;
				COMBINE_HIDPI_IMAGES = YES;
				CURRENT_PROJECT_VERSION = 10;
				DEVELOPMENT_TEAM = "";
				ENABLE_HARDENED_RUNTIME = YES;
				GENERATE_INFOPLIST_FILE = YES;
				INFOPLIST_FILE = Choragus/Info.plist;
				INFOPLIST_KEY_LSApplicationCategoryType = "public.app-category.music";
				INFOPLIST_KEY_CFBundleDisplayName = Choragus;
				INFOPLIST_KEY_NSHumanReadableCopyright = "Copyright © 2026. All rights reserved.";
				LD_RUNPATH_SEARCH_PATHS = (
					"$(inherited)",
					"@executable_path/../Frameworks",
				);
				MARKETING_VERSION = 4.0;
				PRODUCT_BUNDLE_IDENTIFIER = com.choragus.app;
				PRODUCT_NAME = Choragus;
				SWIFT_EMIT_LOC_STRINGS = YES;
				SWIFT_VERSION = 5.0;
			};
			name = Release;
		};
/* End XCBuildConfiguration section */

/* Begin XCConfigurationList section */
		G10001 /* Build configuration list for PBXProject "Choragus" */ = {
			isa = XCConfigurationList;
			buildConfigurations = (
				G10010 /* Debug */,
				G10011 /* Release */,
			);
			defaultConfigurationIsVisible = 0;
			defaultConfigurationName = Release;
		};
		G10003 /* Build configuration list for PBXNativeTarget "Choragus" */ = {
			isa = XCConfigurationList;
			buildConfigurations = (
				G10020 /* Debug */,
				G10021 /* Release */,
			);
			defaultConfigurationIsVisible = 0;
			defaultConfigurationName = Release;
		};
/* End XCConfigurationList section */

/* Begin XCLocalSwiftPackageReference section */
		D10020 /* XCLocalSwiftPackageReference "Packages/SonosKit" */ = {
			isa = XCLocalSwiftPackageReference;
			relativePath = Packages/SonosKit;
		};
/* End XCLocalSwiftPackageReference section */

/* Begin XCSwiftPackageProductDependency section */
		D10010 /* SonosKit */ = {
			isa = XCSwiftPackageProductDependency;
			package = D10020 /* XCLocalSwiftPackageReference "Packages/SonosKit" */;
			productName = SonosKit;
		};
/* End XCSwiftPackageProductDependency section */

	};
	rootObject = F10000 /* Project object */;
}
